{
  "name": "asm2wasm",
  "lockfileVersion": 3,
  "requires": true,
  "packages": {
    "": {
      "dependencies": {
        "@bytecodealliance/wizer": "^3.0.1",
        "binaryen": "^116.0.0"
      }
    },
    "node_modules/@bytecodealliance/wizer": {
      "version": "3.0.1",
      "resolved": "https://registry.npmjs.org/@bytecodealliance/wizer/-/wizer-3.0.1.tgz",
      "integrity": "sha512-f0NBiBHCNBkbFHTPRbA7aKf/t4KyNhi2KvSqw3QzCgi8wFF/uLZ0dhejj93rbiKO/iwWbmU7v9K3SVkW81mcjQ==",
      "bin": {
        "wizer": "wizer.js"
      },
      "engines": {
        "node": ">=16"
      },
      "optionalDependencies": {
        "@bytecodealliance/wizer-darwin-arm64": "3.0.1",
        "@bytecodealliance/wizer-darwin-x64": "3.0.1",
        "@bytecodealliance/wizer-linux-arm64": "3.0.1",
        "@bytecodealliance/wizer-linux-s390x": "3.0.1",
        "@bytecodealliance/wizer-linux-x64": "3.0.1",
        "@bytecodealliance/wizer-win32-x64": "3.0.1"
      }
    },
    "node_modules/@bytecodealliance/wizer-darwin-arm64": {
      "version": "3.0.1",
      "resolved": "https://registry.npmjs.org/@bytecodealliance/wizer-darwin-arm64/-/wizer-darwin-arm64-3.0.1.tgz",
      "integrity": "sha512-/8KYSajyhO9koAE3qQhYfC6belZheJw9X3XqW7hrizTpj6n4z4OJFhhqwJmiYFUUsPtC7OxcXMFFPbTuSQPBcw==",
      "cpu": [
        "arm64"
      ],
      "optional": true,
      "os": [
        "darwin"
      ],
      "bin": {
        "wizer-darwin-arm64": "wizer"
      }
    },
    "node_modules/@bytecodealliance/wizer-darwin-x64": {
      "version": "3.0.1",
      "resolved": "https://registry.npmjs.org/@bytecodealliance/wizer-darwin-x64/-/wizer-darwin-x64-3.0.1.tgz",
      "integrity": "sha512-bMReultN/r+W/BRXV0F+28U5dZwbQT/ZO0k4icZlhUhrv5/wpQJix7Z/ZvBnVQ+/JHb0QDUpFk2/zCtgkRXP6Q==",
      "cpu": [
        "x64"
      ],
      "optional": true,
      "os": [
        "darwin"
      ],
      "bin": {
        "wizer-darwin-x64": "wizer"
      }
    },
    "node_modules/@bytecodealliance/wizer-linux-arm64": {
      "version": "3.0.1",
      "resolved": "https://registry.npmjs.org/@bytecodealliance/wizer-linux-arm64/-/wizer-linux-arm64-3.0.1.tgz",
      "integrity": "sha512-35ZhAeYxWK3bTqqgwysbBWlGlrlMNKNng3ZITQV2PAtafpE7aCeqywl7VAS4lLRG5eTb7wxNgN7zf8d3wiIFTQ==",
      "cpu": [
        "arm64"
      ],
      "optional": true,
      "os": [
        "linux"
      ],
      "bin": {
        "wizer-linux-arm64": "wizer"
      }
    },
    "node_modules/@bytecodealliance/wizer-linux-s390x": {
      "version": "3.0.1",
      "resolved": "https://registry.npmjs.org/@bytecodealliance/wizer-linux-s390x/-/wizer-linux-s390x-3.0.1.tgz",
      "integrity": "sha512-Smvy9mguEMtX0lupDLTPshXUzAHeOhgscr1bhGNjeCCLD1sd8rIjBvWV19Wtra0BL1zTuU2EPOHjR/4k8WoyDg==",
      "cpu": [
        "s390x"
      ],
      "optional": true,
      "os": [
        "linux"
      ],
      "bin": {
        "wizer-linux-s390x": "wizer"
      }
    },
    "node_modules/@bytecodealliance/wizer-linux-x64": {
      "version": "3.0.1",
      "resolved": "https://registry.npmjs.org/@bytecodealliance/wizer-linux-x64/-/wizer-linux-x64-3.0.1.tgz",
      "integrity": "sha512-uUue78xl7iwndsGgTsagHLTLyLBVHhwzuywiwHt1xw8y0X0O8REKRLBoB7+LdM+pttDPdFtKJgbTFL4UPAA7Yw==",
      "cpu": [
        "x64"
      ],
      "optional": true,
      "os": [
        "linux"
      ],
      "bin": {
        "wizer-linux-x64": "wizer"
      }
    },
    "node_modules/@bytecodealliance/wizer-win32-x64": {
      "version": "3.0.1",
      "resolved": "https://registry.npmjs.org/@bytecodealliance/wizer-win32-x64/-/wizer-win32-x64-3.0.1.tgz",
      "integrity": "sha512-ycd38sx1UTZpHZwh8IfH/4N3n0OQUB8awxkUSLXf9PolEd088YbxoPB3noHy4E+L2oYN7KZMrg9517pX0z2RhQ==",
      "cpu": [
        "x64"
      ],
      "optional": true,
      "os": [
        "win32"
      ],
      "bin": {
        "wizer-win32-x64": "wizer"
      }
    },
    "node_modules/binaryen": {
      "version": "116.0.0",
      "license": "Apache-2.0",
      "bin": {
        "wasm-opt": "bin/wasm-opt",
        "wasm2js": "bin/wasm2js"
      }
    }
  }
}
