{
  "name": "webalizer",
  "version": "1.0.0",
  "lockfileVersion": 3,
  "requires": true,
  "packages": {
    "": {
      "name": "webalizer",
      "version": "1.0.0",
      "license": "MIT",
      "dependencies": {
        "@alexaltea/capstone-js": "^3.0.5",
        "binaryen": "^116.0.0"
      }
    },
    "node_modules/@alexaltea/capstone-js": {
      "version": "3.0.5",
      "resolved": "https://registry.npmjs.org/@alexaltea/capstone-js/-/capstone-js-3.0.5.tgz",
      "integrity": "sha512-HWa4d5vblYc3OEJ9MpcXFo0gV/oDLTI5iH7ng80Gs3/Wo3lcYvB14gDDwSr9So1F+fuwIET8meo6TxTezEyqTg=="
    },
    "node_modules/binaryen": {
      "version": "116.0.0",
      "resolved": "https://registry.npmjs.org/binaryen/-/binaryen-116.0.0.tgz",
      "integrity": "sha512-Hp0dXC6Cb/rTwWEoUS2BRghObE7g/S9umKtxuTDt3f61G6fNTE/YVew/ezyy3IdHcLx3f17qfh6LwETgCfvWkQ==",
      "bin": {
        "wasm-opt": "bin/wasm-opt",
        "wasm2js": "bin/wasm2js"
      }
    }
  }
}
